
Microsoft Visual Studio Solution File, Format Version 12.00
# Visual Studio Version 16
VisualStudioVersion = 16.0.31129.286
MinimumVisualStudioVersion = 10.0.40219.1
Project("{FAE04EC0-301F-11D3-BF4B-00C04F79EFBC}") = "ConsoleApp3", "ConsoleApp3\ConsoleApp3.csproj", "{FC3B8ABF-6F92-4166-82A9-3A7D45AACCAF}"
EndProject
Global
	GlobalSection(SolutionConfigurationPlatforms) = preSolution
		Debug|Any CPU = Debug|Any CPU
		Release|Any CPU = Release|Any CPU
	EndGlobalSection
	GlobalSection(ProjectConfigurationPlatforms) = postSolution
		{FC3B8ABF-6F92-4166-82A9-3A7D45AACCAF}.Debug|Any CPU.ActiveCfg = Debug|Any CPU
		{FC3B8ABF-6F92-4166-82A9-3A7D45AACCAF}.Debug|Any CPU.Build.0 = Debug|Any CPU
		{FC3B8ABF-6F92-4166-82A9-3A7D45AACCAF}.Release|Any CPU.ActiveCfg = Release|Any CPU
		{FC3B8ABF-6F92-4166-82A9-3A7D45AACCAF}.Release|Any CPU.Build.0 = Release|Any CPU
	EndGlobalSection
	GlobalSection(SolutionProperties) = preSolution
		HideSolutionNode = FALSE
	EndGlobalSection
	GlobalSection(ExtensibilityGlobals) = postSolution
		SolutionGuid = {AED59D11-56C3-4351-908E-E907635E9FC4}
	EndGlobalSection
EndGlobal
